
Microsoft Visual Studio Solution File, Format Version 11.00
# Visual Studio 2010
Project("{FAE04EC0-301F-11D3-BF4B-00C04F79EFBC}") = "EME4xWinForm", "EME4xWinForm\EME4xWinForm.csproj", "{F825A3C5-9F65-42FE-9DC7-91ACD6F5865A}"
EndProject
Project("{FAE04EC0-301F-11D3-BF4B-00C04F79EFBC}") = "EmeFormLibrary", "EmeLibrary\EmeFormLibrary.csproj", "{7C6B4F87-3EAA-45EE-A309-0668EF064BDD}"
EndProject
Project("{FAE04EC0-301F-11D3-BF4B-00C04F79EFBC}") = "ArcCatalogAddinEme4Tools", "ArcCatalogAddinEme4Tools\ArcCatalogAddinEme4Tools.csproj", "{0FDFA6C2-8656-47EF-91B5-DF74A4487AF9}"
EndProject
Project("{54435603-DBB4-11D2-8724-00A0C9A8B90C}") = "EMESetup", "EMESetup\EMESetup.vdproj", "{8BE09673-E62B-489A-9312-4D19B3A9697B}"
EndProject
Global
	GlobalSection(SolutionConfigurationPlatforms) = preSolution
		Debug|Any CPU = Debug|Any CPU
		Debug|Mixed Platforms = Debug|Mixed Platforms
		Debug|x86 = Debug|x86
		Release|Any CPU = Release|Any CPU
		Release|Mixed Platforms = Release|Mixed Platforms
		Release|x86 = Release|x86
	EndGlobalSection
	GlobalSection(ProjectConfigurationPlatforms) = postSolution
		{F825A3C5-9F65-42FE-9DC7-91ACD6F5865A}.Debug|Any CPU.ActiveCfg = Debug|x86
		{F825A3C5-9F65-42FE-9DC7-91ACD6F5865A}.Debug|Mixed Platforms.ActiveCfg = Debug|x86
		{F825A3C5-9F65-42FE-9DC7-91ACD6F5865A}.Debug|Mixed Platforms.Build.0 = Debug|x86
		{F825A3C5-9F65-42FE-9DC7-91ACD6F5865A}.Debug|x86.ActiveCfg = Debug|x86
		{F825A3C5-9F65-42FE-9DC7-91ACD6F5865A}.Debug|x86.Build.0 = Debug|x86
		{F825A3C5-9F65-42FE-9DC7-91ACD6F5865A}.Release|Any CPU.ActiveCfg = Release|x86
		{F825A3C5-9F65-42FE-9DC7-91ACD6F5865A}.Release|Mixed Platforms.ActiveCfg = Release|x86
		{F825A3C5-9F65-42FE-9DC7-91ACD6F5865A}.Release|Mixed Platforms.Build.0 = Release|x86
		{F825A3C5-9F65-42FE-9DC7-91ACD6F5865A}.Release|x86.ActiveCfg = Release|x86
		{F825A3C5-9F65-42FE-9DC7-91ACD6F5865A}.Release|x86.Build.0 = Release|x86
		{7C6B4F87-3EAA-45EE-A309-0668EF064BDD}.Debug|Any CPU.ActiveCfg = Debug|Any CPU
		{7C6B4F87-3EAA-45EE-A309-0668EF064BDD}.Debug|Any CPU.Build.0 = Debug|Any CPU
		{7C6B4F87-3EAA-45EE-A309-0668EF064BDD}.Debug|Mixed Platforms.ActiveCfg = Debug|Any CPU
		{7C6B4F87-3EAA-45EE-A309-0668EF064BDD}.Debug|Mixed Platforms.Build.0 = Debug|Any CPU
		{7C6B4F87-3EAA-45EE-A309-0668EF064BDD}.Debug|x86.ActiveCfg = Debug|Any CPU
		{7C6B4F87-3EAA-45EE-A309-0668EF064BDD}.Release|Any CPU.ActiveCfg = Release|Any CPU
		{7C6B4F87-3EAA-45EE-A309-0668EF064BDD}.Release|Any CPU.Build.0 = Release|Any CPU
		{7C6B4F87-3EAA-45EE-A309-0668EF064BDD}.Release|Mixed Platforms.ActiveCfg = Release|Any CPU
		{7C6B4F87-3EAA-45EE-A309-0668EF064BDD}.Release|Mixed Platforms.Build.0 = Release|Any CPU
		{7C6B4F87-3EAA-45EE-A309-0668EF064BDD}.Release|x86.ActiveCfg = Release|Any CPU
		{0FDFA6C2-8656-47EF-91B5-DF74A4487AF9}.Debug|Any CPU.ActiveCfg = Debug|Any CPU
		{0FDFA6C2-8656-47EF-91B5-DF74A4487AF9}.Debug|Any CPU.Build.0 = Debug|Any CPU
		{0FDFA6C2-8656-47EF-91B5-DF74A4487AF9}.Debug|Mixed Platforms.ActiveCfg = Debug|Any CPU
		{0FDFA6C2-8656-47EF-91B5-DF74A4487AF9}.Debug|Mixed Platforms.Build.0 = Debug|Any CPU
		{0FDFA6C2-8656-47EF-91B5-DF74A4487AF9}.Debug|x86.ActiveCfg = Debug|Any CPU
		{0FDFA6C2-8656-47EF-91B5-DF74A4487AF9}.Release|Any CPU.ActiveCfg = Release|Any CPU
		{0FDFA6C2-8656-47EF-91B5-DF74A4487AF9}.Release|Any CPU.Build.0 = Release|Any CPU
		{0FDFA6C2-8656-47EF-91B5-DF74A4487AF9}.Release|Mixed Platforms.ActiveCfg = Release|Any CPU
		{0FDFA6C2-8656-47EF-91B5-DF74A4487AF9}.Release|Mixed Platforms.Build.0 = Release|Any CPU
		{0FDFA6C2-8656-47EF-91B5-DF74A4487AF9}.Release|x86.ActiveCfg = Release|Any CPU
		{8BE09673-E62B-489A-9312-4D19B3A9697B}.Debug|Any CPU.ActiveCfg = Debug
		{8BE09673-E62B-489A-9312-4D19B3A9697B}.Debug|Mixed Platforms.ActiveCfg = Debug
		{8BE09673-E62B-489A-9312-4D19B3A9697B}.Debug|x86.ActiveCfg = Debug
		{8BE09673-E62B-489A-9312-4D19B3A9697B}.Release|Any CPU.ActiveCfg = Release
		{8BE09673-E62B-489A-9312-4D19B3A9697B}.Release|Mixed Platforms.ActiveCfg = Release
		{8BE09673-E62B-489A-9312-4D19B3A9697B}.Release|x86.ActiveCfg = Release
	EndGlobalSection
	GlobalSection(SolutionProperties) = preSolution
		HideSolutionNode = FALSE
	EndGlobalSection
EndGlobal
